PODS:
  - ActionSheetPicker-3.0 (2.2.0)
  - AFNetworking (3.1.0):
    - AFNetworking/NSURLSession (= 3.1.0)
    - AFNetworking/Reachability (= 3.1.0)
    - AFNetworking/Security (= 3.1.0)
    - AFNetworking/Serialization (= 3.1.0)
    - AFNetworking/UIKit (= 3.1.0)
  - AFNetworking/NSURLSession (3.1.0):
    - AFNetworking/Reachability
    - AFNetworking/Security
    - AFNetworking/Serialization
  - AFNetworking/Reachability (3.1.0)
  - AFNetworking/Security (3.1.0)
  - AFNetworking/Serialization (3.1.0)
  - AFNetworking/UIKit (3.1.0):
    - AFNetworking/NSURLSession
  - Crashlytics (3.8.3):
    - Fabric (~> 1.6.3)
  - CTFeedback (1.1.1)
  - DZNEmptyDataSet (1.8.1)
  - Fabric (1.6.11)
  - GBDeviceInfo (4.2.2):
    - GBDeviceInfo/Core (= 4.2.2)
  - GBDeviceInfo/Core (4.2.2)
  - GoogleMobileAds (7.8.0)
  - IQKeyboardManagerSwift (4.0.8)
  - iVersion (1.11.5)
  - JFMinimalNotifications (0.0.9)
  - M13ProgressSuite (1.2.9)
  - MagicalRecord (2.3.2):
    - MagicalRecord/Core (= 2.3.2)
  - MagicalRecord/Core (2.3.2)
  - REMenu (1.10)
  - RESideMenu (4.0.7)
  - SwiftMessages (3.1.5)
  - UIView+AnimationExtensions (1.0.0)
  - UIView+draggable (1.1.0)
  - XCDYouTubeKit (2.5.4)
  - ZCAnimatedLabel (0.0.4)

DEPENDENCIES:
  - ActionSheetPicker-3.0
  - AFNetworking
  - Crashlytics
  - CTFeedback
  - DZNEmptyDataSet
  - Fabric
  - GBDeviceInfo
  - GoogleMobileAds
  - IQKeyboardManagerSwift
  - iVersion
  - JFMinimalNotifications
  - M13ProgressSuite
  - MagicalRecord
  - REMenu
  - RESideMenu
  - SwiftMessages
  - UIView+AnimationExtensions
  - UIView+draggable
  - XCDYouTubeKit
  - ZCAnimatedLabel

SPEC CHECKSUMS:
  ActionSheetPicker-3.0: d11a4c12c6aaf704b8a3f56d179198c99f3e41e6
  AFNetworking: 5e0e199f73d8626b11e79750991f5d173d1f8b67
  Crashlytics: 2b6dbe138a42395577cfa73dfa1aa7248cadf39e
  CTFeedback: 6f128606e0d26d46075c3fa9fc33884372df8675
  DZNEmptyDataSet: 9525833b9e68ac21c30253e1d3d7076cc828eaa7
  Fabric: 5911403591946b8228ab1c51d98f1d7137e863c6
  GBDeviceInfo: 0a6e2fc04989ce248572bb988f1a764102eb0e5d
  GoogleMobileAds: c79931d6eef16b1e4c35d331cf23c47e0dd490d2
  IQKeyboardManagerSwift: c04bc9f68473823f825eb44d958fce98d921bead
  iVersion: 3a93a89259eb3b52b0a8ba52c46a0027fa6b4d30
  JFMinimalNotifications: b0c64f1237d8571f8e091b51530ffb9d8d7dcb76
  M13ProgressSuite: ea9f7263e73e9215e6849dfa54e29ee0ad6a145c
  MagicalRecord: 53bed74b4323b930992a725be713e53b37d19755
  REMenu: 30dad195930adf6c5eeb8041e3257aa60bf9fa49
  RESideMenu: f24c508404b49c667344c54aba7e590883533958
  SwiftMessages: bb85d7c30e85256f9367214b0907e1f409e1870a
  UIView+AnimationExtensions: f9ae95fa3064be09cf2fcaac1fb1948ee22397ec
  UIView+draggable: ddfbeb6bdfdeba63d9ccf32dc9be2b66cc589717
  XCDYouTubeKit: 80eb3978dae220a0116d198bca6852c6c969fa66
  ZCAnimatedLabel: 519b688bef4403fd356bc785f9b61cdfd8e6472d

PODFILE CHECKSUM: ad73de1fcb5425731d8447ed3cf82435e7aae825

COCOAPODS: 1.1.1
